
Microsoft Visual Studio Solution File, Format Version 12.00
# Visual Studio Version 17
VisualStudioVersion = 17.5.002.0
MinimumVisualStudioVersion = 10.0.40219.1
Project("{9A19103F-16F7-4668-BE54-9A1E7A4F7556}") = "SyncCollege", "SyncCollege.csproj", "{24FA82AB-EFA1-442F-928A-F63DBEEE894C}"
EndProject
Global
	GlobalSection(SolutionConfigurationPlatforms) = preSolution
		Debug|Any CPU = Debug|Any CPU
		Release|Any CPU = Release|Any CPU
	EndGlobalSection
	GlobalSection(ProjectConfigurationPlatforms) = postSolution
		{24FA82AB-EFA1-442F-928A-F63DBEEE894C}.Debug|Any CPU.ActiveCfg = Debug|Any CPU
		{24FA82AB-EFA1-442F-928A-F63DBEEE894C}.Debug|Any CPU.Build.0 = Debug|Any CPU
		{24FA82AB-EFA1-442F-928A-F63DBEEE894C}.Release|Any CPU.ActiveCfg = Release|Any CPU
		{24FA82AB-EFA1-442F-928A-F63DBEEE894C}.Release|Any CPU.Build.0 = Release|Any CPU
	EndGlobalSection
	GlobalSection(SolutionProperties) = preSolution
		HideSolutionNode = FALSE
	EndGlobalSection
	GlobalSection(ExtensibilityGlobals) = postSolution
		SolutionGuid = {1577B82D-E383-4471-9EA4-39A07C43090D}
	EndGlobalSection
EndGlobal
